{
  "pins" : [
    {
      "identity" : "aws-sdk-ios-spm",
      "kind" : "remoteSourceControl",
      "location" : "https://github.com/aws-amplify/aws-sdk-ios-spm",
      "state" : {
        "revision" : "a08d3c422d902cf76ba1793af65aa5a4005b2f2c",
        "version" : "2.36.1"
      }
    }
  ],
  "version" : 2
}
