// !$*UTF8*$!
{
	archiveVersion = 1;
	classes = {
	};
	objectVersion = 56;
	objects = {

/* Begin PBXBuildFile section */
		B20E1C8E2BF4C0750092771E /* DiscountViewController.swift in Sources */ = {isa = PBXBuildFile; fileRef = B20E1C8D2BF4C0750092771E /* DiscountViewController.swift */; };
		B218A3122BF6253A00311207 /* AddressBookVC.swift in Sources */ = {isa = PBXBuildFile; fileRef = B218A3112BF6253A00311207 /* AddressBookVC.swift */; };
		B219DE782BF5EF5300BF0089 /* ContactViewController.m in Sources */ = {isa = PBXBuildFile; fileRef = B219DE772BF5EF5300BF0089 /* ContactViewController.m */; };
		B219DE7D2BF5F8EE00BF0089 /* ContactSwiftVC.swift in Sources */ = {isa = PBXBuildFile; fileRef = B219DE7C2BF5F8EE00BF0089 /* ContactSwiftVC.swift */; };
		B219DE7F2BF614EA00BF0089 /* DirectContactVC.swift in Sources */ = {isa = PBXBuildFile; fileRef = B219DE7E2BF614EA00BF0089 /* DirectContactVC.swift */; };
		B2247D472BC3C42400D1A3E0 /* SwiftUIView.swift in Sources */ = {isa = PBXBuildFile; fileRef = B2247D462BC3C42400D1A3E0 /* SwiftUIView.swift */; };
		B24073512BC3D48C0015CF26 /* VpnManager.swift in Sources */ = {isa = PBXBuildFile; fileRef = B24073502BC3D48C0015CF26 /* VpnManager.swift */; };
		B24073532BC3D4960015CF26 /* TorManager.swift in Sources */ = {isa = PBXBuildFile; fileRef = B24073522BC3D4960015CF26 /* TorManager.swift */; };
		B24073552BC3D5650015CF26 /* VStatusManager.swift in Sources */ = {isa = PBXBuildFile; fileRef = B24073542BC3D5650015CF26 /* VStatusManager.swift */; };
		B24073572BC3DBD80015CF26 /* SharedUtils.swift in Sources */ = {isa = PBXBuildFile; fileRef = B24073562BC3DBD80015CF26 /* SharedUtils.swift */; };
		B24DD0492C099D96007608A2 /* OnionViewController.swift in Sources */ = {isa = PBXBuildFile; fileRef = B24DD0482C099D96007608A2 /* OnionViewController.swift */; };
		B25338472BF4719B00F5E8BB /* CoreDataViewController.swift in Sources */ = {isa = PBXBuildFile; fileRef = B25338462BF4719B00F5E8BB /* CoreDataViewController.swift */; };
		B253384A2BF471E400F5E8BB /* Model.xcdatamodeld in Sources */ = {isa = PBXBuildFile; fileRef = B25338482BF471E400F5E8BB /* Model.xcdatamodeld */; };
		B253FFB32C1837320026CDD2 /* CouchBaseImplementation.swift in Sources */ = {isa = PBXBuildFile; fileRef = B253FFB22C1837320026CDD2 /* CouchBaseImplementation.swift */; };
		B2556EA62BDB9238005C24CE /* ChildSwiftUIVC.swift in Sources */ = {isa = PBXBuildFile; fileRef = B2556EA52BDB9238005C24CE /* ChildSwiftUIVC.swift */; };
		B25701792BFB807C00B8CB8B /* SwitchesViewController.swift in Sources */ = {isa = PBXBuildFile; fileRef = B25701782BFB807C00B8CB8B /* SwitchesViewController.swift */; };
		B260C85C2BECBFEB007ECCE4 /* LayoutViewController.swift in Sources */ = {isa = PBXBuildFile; fileRef = B260C85B2BECBFEB007ECCE4 /* LayoutViewController.swift */; };
		B260C8612C2D4B1300C464A1 /* SocialLoginViewController.swift in Sources */ = {isa = PBXBuildFile; fileRef = B260C8602C2D4B1300C464A1 /* SocialLoginViewController.swift */; };
		B260C8642C2D52E200C464A1 /* GoogleService-Info.plist in Resources */ = {isa = PBXBuildFile; fileRef = B260C8632C2D52E200C464A1 /* GoogleService-Info.plist */; };
		B260C8672C2D547A00C464A1 /* Constant.swift in Sources */ = {isa = PBXBuildFile; fileRef = B260C8662C2D547A00C464A1 /* Constant.swift */; };
		B260C8692C2D54C300C464A1 /* client_839814360640-8b9v141upf8ndhh6o2um38ojc24caoq4.apps.googleusercontent.com.plist in Resources */ = {isa = PBXBuildFile; fileRef = B260C8682C2D54C300C464A1 /* client_839814360640-8b9v141upf8ndhh6o2um38ojc24caoq4.apps.googleusercontent.com.plist */; };
		B260C86C2C2D86A000C464A1 /* GoogleSignInManager.swift in Sources */ = {isa = PBXBuildFile; fileRef = B260C86B2C2D86A000C464A1 /* GoogleSignInManager.swift */; };
		B26237A22C104D3C0020E665 /*  YSSegmentedControl.swift in Sources */ = {isa = PBXBuildFile; fileRef = B26237A12C104D3C0020E665 /*  YSSegmentedControl.swift */; };
		B26237A52C104DBB0020E665 /* SegmentViewController.swift in Sources */ = {isa = PBXBuildFile; fileRef = B26237A42C104DBB0020E665 /* SegmentViewController.swift */; };
		B26860BD2BC408AB0088C643 /* TestViewController.swift in Sources */ = {isa = PBXBuildFile; fileRef = B26860BC2BC408AB0088C643 /* TestViewController.swift */; };
		B26860BF2BC409070088C643 /* BaseViewController.swift in Sources */ = {isa = PBXBuildFile; fileRef = B26860BE2BC409070088C643 /* BaseViewController.swift */; };
		B2858A3F2C08BE35006C2DEB /* DIctViewController.swift in Sources */ = {isa = PBXBuildFile; fileRef = B2858A3E2C08BE35006C2DEB /* DIctViewController.swift */; };
		B287E1EB2BBD7F5100367B99 /* AppDelegate.swift in Sources */ = {isa = PBXBuildFile; fileRef = B287E1EA2BBD7F5100367B99 /* AppDelegate.swift */; };
		B287E1ED2BBD7F5100367B99 /* SceneDelegate.swift in Sources */ = {isa = PBXBuildFile; fileRef = B287E1EC2BBD7F5100367B99 /* SceneDelegate.swift */; };
		B287E1EF2BBD7F5100367B99 /* ViewController.swift in Sources */ = {isa = PBXBuildFile; fileRef = B287E1EE2BBD7F5100367B99 /* ViewController.swift */; };
		B287E1F22BBD7F5100367B99 /* Main.storyboard in Resources */ = {isa = PBXBuildFile; fileRef = B287E1F02BBD7F5100367B99 /* Main.storyboard */; };
		B287E1F42BBD7F5200367B99 /* Assets.xcassets in Resources */ = {isa = PBXBuildFile; fileRef = B287E1F32BBD7F5200367B99 /* Assets.xcassets */; };
		B287E1F72BBD7F5200367B99 /* LaunchScreen.storyboard in Resources */ = {isa = PBXBuildFile; fileRef = B287E1F52BBD7F5200367B99 /* LaunchScreen.storyboard */; };
		B28CB9AC2BBEC9BD0043EF5D /* HelloViewController.m in Sources */ = {isa = PBXBuildFile; fileRef = B28CB9AB2BBEC9BD0043EF5D /* HelloViewController.m */; };
		B2A493822BD0E8D50026D311 /* SystemScan.storyboard in Resources */ = {isa = PBXBuildFile; fileRef = B2A493812BD0E8D50026D311 /* SystemScan.storyboard */; };
		B2A493842BD0E92D0026D311 /* SystemScanViewController.swift in Sources */ = {isa = PBXBuildFile; fileRef = B2A493832BD0E92D0026D311 /* SystemScanViewController.swift */; };
		B2B51AB22BD7BC880057F639 /* TSNavigationView.xib in Resources */ = {isa = PBXBuildFile; fileRef = B2B51AB12BD7BC880057F639 /* TSNavigationView.xib */; };
		B2B51AB42BD7BCA20057F639 /* TSNavigationView.swift in Sources */ = {isa = PBXBuildFile; fileRef = B2B51AB32BD7BCA20057F639 /* TSNavigationView.swift */; };
		B2B51AB62BD7BD3D0057F639 /* CINavigationBar.swift in Sources */ = {isa = PBXBuildFile; fileRef = B2B51AB52BD7BD3D0057F639 /* CINavigationBar.swift */; };
		B2CBADC42BEA67C1008C41E1 /* CouchBaseViewController.swift in Sources */ = {isa = PBXBuildFile; fileRef = B2CBADC32BEA67C1008C41E1 /* CouchBaseViewController.swift */; };
		B2D8602D2BEB59650070A0B2 /* DarkModeViewController.swift in Sources */ = {isa = PBXBuildFile; fileRef = B2D8602C2BEB59650070A0B2 /* DarkModeViewController.swift */; };
		B2F77E7F2BD0F7590056448D /* UIView+Extension.swift in Sources */ = {isa = PBXBuildFile; fileRef = B2F77E7E2BD0F7590056448D /* UIView+Extension.swift */; };
		B2F77E822BD0F7910056448D /* Vehicle.swift in Sources */ = {isa = PBXBuildFile; fileRef = B2F77E812BD0F7910056448D /* Vehicle.swift */; };
		B2F794DA2BFC6AEF00489365 /* ScrollTestVC.swift in Sources */ = {isa = PBXBuildFile; fileRef = B2F794D92BFC6AEF00489365 /* ScrollTestVC.swift */; };
		E2F6C72967F49AA3A3089179 /* Pods_PracticeUIkit.framework in Frameworks */ = {isa = PBXBuildFile; fileRef = 79C8B1901EBF8090511634FC /* Pods_PracticeUIkit.framework */; };
/* End PBXBuildFile section */

/* Begin PBXCopyFilesBuildPhase section */
		B287E2112BBD7FAB00367B99 /* Embed Foundation Extensions */ = {
			isa = PBXCopyFilesBuildPhase;
			buildActionMask = 2147483647;
			dstPath = "";
			dstSubfolderSpec = 13;
			files = (
			);
			name = "Embed Foundation Extensions";
			runOnlyForDeploymentPostprocessing = 0;
		};
/* End PBXCopyFilesBuildPhase section */

/* Begin PBXFileReference section */
		167B81C38B6284733E4E0341 /* Pods_TorVPN.framework */ = {isa = PBXFileReference; explicitFileType = wrapper.framework; includeInIndex = 0; path = Pods_TorVPN.framework; sourceTree = BUILT_PRODUCTS_DIR; };
		79C8B1901EBF8090511634FC /* Pods_PracticeUIkit.framework */ = {isa = PBXFileReference; explicitFileType = wrapper.framework; includeInIndex = 0; path = Pods_PracticeUIkit.framework; sourceTree = BUILT_PRODUCTS_DIR; };
		B20E1C8D2BF4C0750092771E /* DiscountViewController.swift */ = {isa = PBXFileReference; lastKnownFileType = sourcecode.swift; path = DiscountViewController.swift; sourceTree = "<group>"; };
		B218A3112BF6253A00311207 /* AddressBookVC.swift */ = {isa = PBXFileReference; lastKnownFileType = sourcecode.swift; path = AddressBookVC.swift; sourceTree = "<group>"; };
		B219DE762BF5EF5300BF0089 /* ContactViewController.h */ = {isa = PBXFileReference; lastKnownFileType = sourcecode.c.h; path = ContactViewController.h; sourceTree = "<group>"; };
		B219DE772BF5EF5300BF0089 /* ContactViewController.m */ = {isa = PBXFileReference; lastKnownFileType = sourcecode.c.objc; path = ContactViewController.m; sourceTree = "<group>"; };
		B219DE7C2BF5F8EE00BF0089 /* ContactSwiftVC.swift */ = {isa = PBXFileReference; lastKnownFileType = sourcecode.swift; path = ContactSwiftVC.swift; sourceTree = "<group>"; };
		B219DE7E2BF614EA00BF0089 /* DirectContactVC.swift */ = {isa = PBXFileReference; lastKnownFileType = sourcecode.swift; path = DirectContactVC.swift; sourceTree = "<group>"; };
		B2247D462BC3C42400D1A3E0 /* SwiftUIView.swift */ = {isa = PBXFileReference; lastKnownFileType = sourcecode.swift; path = SwiftUIView.swift; sourceTree = "<group>"; };
		B24073502BC3D48C0015CF26 /* VpnManager.swift */ = {isa = PBXFileReference; lastKnownFileType = sourcecode.swift; path = VpnManager.swift; sourceTree = "<group>"; };
		B24073522BC3D4960015CF26 /* TorManager.swift */ = {isa = PBXFileReference; lastKnownFileType = sourcecode.swift; path = TorManager.swift; sourceTree = "<group>"; };
		B24073542BC3D5650015CF26 /* VStatusManager.swift */ = {isa = PBXFileReference; lastKnownFileType = sourcecode.swift; path = VStatusManager.swift; sourceTree = "<group>"; };
		B24073562BC3DBD80015CF26 /* SharedUtils.swift */ = {isa = PBXFileReference; lastKnownFileType = sourcecode.swift; path = SharedUtils.swift; sourceTree = "<group>"; };
		B24DD0482C099D96007608A2 /* OnionViewController.swift */ = {isa = PBXFileReference; lastKnownFileType = sourcecode.swift; path = OnionViewController.swift; sourceTree = "<group>"; };
		B25338462BF4719B00F5E8BB /* CoreDataViewController.swift */ = {isa = PBXFileReference; lastKnownFileType = sourcecode.swift; path = CoreDataViewController.swift; sourceTree = "<group>"; };
		B25338492BF471E400F5E8BB /* Model.xcdatamodel */ = {isa = PBXFileReference; lastKnownFileType = wrapper.xcdatamodel; path = Model.xcdatamodel; sourceTree = "<group>"; };
		B253FFB22C1837320026CDD2 /* CouchBaseImplementation.swift */ = {isa = PBXFileReference; lastKnownFileType = sourcecode.swift; path = CouchBaseImplementation.swift; sourceTree = "<group>"; };
		B2556EA52BDB9238005C24CE /* ChildSwiftUIVC.swift */ = {isa = PBXFileReference; lastKnownFileType = sourcecode.swift; path = ChildSwiftUIVC.swift; sourceTree = "<group>"; };
		B25701782BFB807C00B8CB8B /* SwitchesViewController.swift */ = {isa = PBXFileReference; lastKnownFileType = sourcecode.swift; path = SwitchesViewController.swift; sourceTree = "<group>"; };
		B260C85B2BECBFEB007ECCE4 /* LayoutViewController.swift */ = {isa = PBXFileReference; lastKnownFileType = sourcecode.swift; path = LayoutViewController.swift; sourceTree = "<group>"; };
		B260C8602C2D4B1300C464A1 /* SocialLoginViewController.swift */ = {isa = PBXFileReference; lastKnownFileType = sourcecode.swift; path = SocialLoginViewController.swift; sourceTree = "<group>"; };
		B260C8632C2D52E200C464A1 /* GoogleService-Info.plist */ = {isa = PBXFileReference; fileEncoding = 4; lastKnownFileType = text.plist.xml; path = "GoogleService-Info.plist"; sourceTree = "<group>"; };
		B260C8662C2D547A00C464A1 /* Constant.swift */ = {isa = PBXFileReference; lastKnownFileType = sourcecode.swift; path = Constant.swift; sourceTree = "<group>"; };
		B260C8682C2D54C300C464A1 /* client_839814360640-8b9v141upf8ndhh6o2um38ojc24caoq4.apps.googleusercontent.com.plist */ = {isa = PBXFileReference; fileEncoding = 4; lastKnownFileType = text.plist.xml; path = "client_839814360640-8b9v141upf8ndhh6o2um38ojc24caoq4.apps.googleusercontent.com.plist"; sourceTree = "<group>"; };
		B260C86B2C2D86A000C464A1 /* GoogleSignInManager.swift */ = {isa = PBXFileReference; lastKnownFileType = sourcecode.swift; path = GoogleSignInManager.swift; sourceTree = "<group>"; };
		B26237A12C104D3C0020E665 /*  YSSegmentedControl.swift */ = {isa = PBXFileReference; lastKnownFileType = sourcecode.swift; path = " YSSegmentedControl.swift"; sourceTree = "<group>"; };
		B26237A42C104DBB0020E665 /* SegmentViewController.swift */ = {isa = PBXFileReference; lastKnownFileType = sourcecode.swift; path = SegmentViewController.swift; sourceTree = "<group>"; };
		B26860BC2BC408AB0088C643 /* TestViewController.swift */ = {isa = PBXFileReference; lastKnownFileType = sourcecode.swift; path = TestViewController.swift; sourceTree = "<group>"; };
		B26860BE2BC409070088C643 /* BaseViewController.swift */ = {isa = PBXFileReference; lastKnownFileType = sourcecode.swift; path = BaseViewController.swift; sourceTree = "<group>"; };
		B2858A3E2C08BE35006C2DEB /* DIctViewController.swift */ = {isa = PBXFileReference; lastKnownFileType = sourcecode.swift; path = DIctViewController.swift; sourceTree = "<group>"; };
		B287E1E72BBD7F5100367B99 /* PracticeUIkit.app */ = {isa = PBXFileReference; explicitFileType = wrapper.application; includeInIndex = 0; path = PracticeUIkit.app; sourceTree = BUILT_PRODUCTS_DIR; };
		B287E1EA2BBD7F5100367B99 /* AppDelegate.swift */ = {isa = PBXFileReference; lastKnownFileType = sourcecode.swift; path = AppDelegate.swift; sourceTree = "<group>"; };
		B287E1EC2BBD7F5100367B99 /* SceneDelegate.swift */ = {isa = PBXFileReference; lastKnownFileType = sourcecode.swift; path = SceneDelegate.swift; sourceTree = "<group>"; };
		B287E1EE2BBD7F5100367B99 /* ViewController.swift */ = {isa = PBXFileReference; lastKnownFileType = sourcecode.swift; path = ViewController.swift; sourceTree = "<group>"; };
		B287E1F12BBD7F5100367B99 /* Base */ = {isa = PBXFileReference; lastKnownFileType = file.storyboard; name = Base; path = Base.lproj/Main.storyboard; sourceTree = "<group>"; };
		B287E1F32BBD7F5200367B99 /* Assets.xcassets */ = {isa = PBXFileReference; lastKnownFileType = folder.assetcatalog; path = Assets.xcassets; sourceTree = "<group>"; };
		B287E1F62BBD7F5200367B99 /* Base */ = {isa = PBXFileReference; lastKnownFileType = file.storyboard; name = Base; path = Base.lproj/LaunchScreen.storyboard; sourceTree = "<group>"; };
		B287E1F82BBD7F5200367B99 /* Info.plist */ = {isa = PBXFileReference; lastKnownFileType = text.plist.xml; path = Info.plist; sourceTree = "<group>"; };
		B287E2042BBD7FAB00367B99 /* NetworkExtension.framework */ = {isa = PBXFileReference; lastKnownFileType = wrapper.framework; name = NetworkExtension.framework; path = System/Library/Frameworks/NetworkExtension.framework; sourceTree = SDKROOT; };
		B287E2122BBD7FD000367B99 /* PracticeUIkit.entitlements */ = {isa = PBXFileReference; lastKnownFileType = text.plist.entitlements; path = PracticeUIkit.entitlements; sourceTree = "<group>"; };
		B28CB9A92BBEC9BC0043EF5D /* PracticeUIkit-Bridging-Header.h */ = {isa = PBXFileReference; lastKnownFileType = sourcecode.c.h; path = "PracticeUIkit-Bridging-Header.h"; sourceTree = "<group>"; };
		B28CB9AA2BBEC9BD0043EF5D /* HelloViewController.h */ = {isa = PBXFileReference; lastKnownFileType = sourcecode.c.h; path = HelloViewController.h; sourceTree = "<group>"; };
		B28CB9AB2BBEC9BD0043EF5D /* HelloViewController.m */ = {isa = PBXFileReference; lastKnownFileType = sourcecode.c.objc; path = HelloViewController.m; sourceTree = "<group>"; };
		B2A493812BD0E8D50026D311 /* SystemScan.storyboard */ = {isa = PBXFileReference; lastKnownFileType = file.storyboard; path = SystemScan.storyboard; sourceTree = "<group>"; };
		B2A493832BD0E92D0026D311 /* SystemScanViewController.swift */ = {isa = PBXFileReference; lastKnownFileType = sourcecode.swift; path = SystemScanViewController.swift; sourceTree = "<group>"; };
		B2B51AB12BD7BC880057F639 /* TSNavigationView.xib */ = {isa = PBXFileReference; lastKnownFileType = file.xib; path = TSNavigationView.xib; sourceTree = "<group>"; };
		B2B51AB32BD7BCA20057F639 /* TSNavigationView.swift */ = {isa = PBXFileReference; lastKnownFileType = sourcecode.swift; path = TSNavigationView.swift; sourceTree = "<group>"; };
		B2B51AB52BD7BD3D0057F639 /* CINavigationBar.swift */ = {isa = PBXFileReference; lastKnownFileType = sourcecode.swift; path = CINavigationBar.swift; sourceTree = "<group>"; };
		B2CBADC32BEA67C1008C41E1 /* CouchBaseViewController.swift */ = {isa = PBXFileReference; lastKnownFileType = sourcecode.swift; path = CouchBaseViewController.swift; sourceTree = "<group>"; };
		B2D8602C2BEB59650070A0B2 /* DarkModeViewController.swift */ = {isa = PBXFileReference; lastKnownFileType = sourcecode.swift; path = DarkModeViewController.swift; sourceTree = "<group>"; };
		B2F77E7E2BD0F7590056448D /* UIView+Extension.swift */ = {isa = PBXFileReference; lastKnownFileType = sourcecode.swift; path = "UIView+Extension.swift"; sourceTree = "<group>"; };
		B2F77E812BD0F7910056448D /* Vehicle.swift */ = {isa = PBXFileReference; lastKnownFileType = sourcecode.swift; path = Vehicle.swift; sourceTree = "<group>"; };
		B2F794D92BFC6AEF00489365 /* ScrollTestVC.swift */ = {isa = PBXFileReference; lastKnownFileType = sourcecode.swift; path = ScrollTestVC.swift; sourceTree = "<group>"; };
/* End PBXFileReference section */

/* Begin PBXFrameworksBuildPhase section */
		B287E1E42BBD7F5100367B99 /* Frameworks */ = {
			isa = PBXFrameworksBuildPhase;
			buildActionMask = 2147483647;
			files = (
				E2F6C72967F49AA3A3089179 /* Pods_PracticeUIkit.framework in Frameworks */,
			);
			runOnlyForDeploymentPostprocessing = 0;
		};
/* End PBXFrameworksBuildPhase section */

/* Begin PBXGroup section */
		B20E1C8C2BF4C0640092771E /* Radio Selection */ = {
			isa = PBXGroup;
			children = (
				B20E1C8D2BF4C0750092771E /* DiscountViewController.swift */,
			);
			path = "Radio Selection";
			sourceTree = "<group>";
		};
		B219DE752BF5EF3F00BF0089 /* Contacts */ = {
			isa = PBXGroup;
			children = (
				B219DE762BF5EF5300BF0089 /* ContactViewController.h */,
				B219DE772BF5EF5300BF0089 /* ContactViewController.m */,
				B219DE7C2BF5F8EE00BF0089 /* ContactSwiftVC.swift */,
				B219DE7E2BF614EA00BF0089 /* DirectContactVC.swift */,
				B218A3112BF6253A00311207 /* AddressBookVC.swift */,
			);
			path = Contacts;
			sourceTree = "<group>";
		};
		B240734F2BC3D4730015CF26 /* Configuration */ = {
			isa = PBXGroup;
			children = (
				B24073502BC3D48C0015CF26 /* VpnManager.swift */,
				B24073522BC3D4960015CF26 /* TorManager.swift */,
				B24073542BC3D5650015CF26 /* VStatusManager.swift */,
				B24073562BC3DBD80015CF26 /* SharedUtils.swift */,
			);
			path = Configuration;
			sourceTree = "<group>";
		};
		B24DD0472C099D86007608A2 /* TorViewController */ = {
			isa = PBXGroup;
			children = (
				B24DD0482C099D96007608A2 /* OnionViewController.swift */,
			);
			path = TorViewController;
			sourceTree = "<group>";
		};
		B25338452BF4717C00F5E8BB /* CoreData */ = {
			isa = PBXGroup;
			children = (
				B25338462BF4719B00F5E8BB /* CoreDataViewController.swift */,
				B25338482BF471E400F5E8BB /* Model.xcdatamodeld */,
			);
			path = CoreData;
			sourceTree = "<group>";
		};
		B2556EA22BDB91D3005C24CE /* Controller */ = {
			isa = PBXGroup;
			children = (
				B26237A32C104DA80020E665 /* SegmentView */,
				B24DD0472C099D86007608A2 /* TorViewController */,
				B2F794D82BFC6AD100489365 /* ScrollView */,
				B25701772BFB806E00B8CB8B /* Switches */,
				B219DE752BF5EF3F00BF0089 /* Contacts */,
				B20E1C8C2BF4C0640092771E /* Radio Selection */,
				B25338452BF4717C00F5E8BB /* CoreData */,
				B2D8602B2BEB594A0070A0B2 /* DarkLightMode */,
				B2556EA52BDB9238005C24CE /* ChildSwiftUIVC.swift */,
				B2CBADC32BEA67C1008C41E1 /* CouchBaseViewController.swift */,
			);
			path = Controller;
			sourceTree = "<group>";
		};
		B25701772BFB806E00B8CB8B /* Switches */ = {
			isa = PBXGroup;
			children = (
				B25701782BFB807C00B8CB8B /* SwitchesViewController.swift */,
			);
			path = Switches;
			sourceTree = "<group>";
		};
		B260C85F2C2D4AFD00C464A1 /* Social Logins */ = {
			isa = PBXGroup;
			children = (
				B260C86A2C2D869600C464A1 /* Manager */,
				B260C8602C2D4B1300C464A1 /* SocialLoginViewController.swift */,
			);
			path = "Social Logins";
			sourceTree = "<group>";
		};
		B260C8622C2D52D200C464A1 /* Resources */ = {
			isa = PBXGroup;
			children = (
				B260C8682C2D54C300C464A1 /* client_839814360640-8b9v141upf8ndhh6o2um38ojc24caoq4.apps.googleusercontent.com.plist */,
				B260C8632C2D52E200C464A1 /* GoogleService-Info.plist */,
				B260C8662C2D547A00C464A1 /* Constant.swift */,
			);
			path = Resources;
			sourceTree = "<group>";
		};
		B260C86A2C2D869600C464A1 /* Manager */ = {
			isa = PBXGroup;
			children = (
				B260C86B2C2D86A000C464A1 /* GoogleSignInManager.swift */,
			);
			path = Manager;
			sourceTree = "<group>";
		};
		B26237A02C104D240020E665 /* Helper */ = {
			isa = PBXGroup;
			children = (
				B26237A12C104D3C0020E665 /*  YSSegmentedControl.swift */,
				B253FFB22C1837320026CDD2 /* CouchBaseImplementation.swift */,
			);
			path = Helper;
			sourceTree = "<group>";
		};
		B26237A32C104DA80020E665 /* SegmentView */ = {
			isa = PBXGroup;
			children = (
				B26237A42C104DBB0020E665 /* SegmentViewController.swift */,
			);
			path = SegmentView;
			sourceTree = "<group>";
		};
		B287E1DE2BBD7F5100367B99 = {
			isa = PBXGroup;
			children = (
				B287E1E92BBD7F5100367B99 /* PracticeUIkit */,
				B287E2032BBD7FAB00367B99 /* Frameworks */,
				B287E1E82BBD7F5100367B99 /* Products */,
			);
			sourceTree = "<group>";
		};
		B287E1E82BBD7F5100367B99 /* Products */ = {
			isa = PBXGroup;
			children = (
				B287E1E72BBD7F5100367B99 /* PracticeUIkit.app */,
			);
			name = Products;
			sourceTree = "<group>";
		};
		B287E1E92BBD7F5100367B99 /* PracticeUIkit */ = {
			isa = PBXGroup;
			children = (
				B260C8622C2D52D200C464A1 /* Resources */,
				B260C85F2C2D4AFD00C464A1 /* Social Logins */,
				B26237A02C104D240020E665 /* Helper */,
				B2556EA22BDB91D3005C24CE /* Controller */,
				B2F77E802BD0F7870056448D /* Manager */,
				B2F77E7D2BD0F7420056448D /* Extensions */,
				B2A493802BD0E8CC0026D311 /* Views */,
				B240734F2BC3D4730015CF26 /* Configuration */,
				B287E2122BBD7FD000367B99 /* PracticeUIkit.entitlements */,
				B287E1EA2BBD7F5100367B99 /* AppDelegate.swift */,
				B287E1EC2BBD7F5100367B99 /* SceneDelegate.swift */,
				B287E1EE2BBD7F5100367B99 /* ViewController.swift */,
				B287E1F02BBD7F5100367B99 /* Main.storyboard */,
				B287E1F32BBD7F5200367B99 /* Assets.xcassets */,
				B287E1F52BBD7F5200367B99 /* LaunchScreen.storyboard */,
				B287E1F82BBD7F5200367B99 /* Info.plist */,
				B28CB9AA2BBEC9BD0043EF5D /* HelloViewController.h */,
				B28CB9AB2BBEC9BD0043EF5D /* HelloViewController.m */,
				B28CB9A92BBEC9BC0043EF5D /* PracticeUIkit-Bridging-Header.h */,
				B2247D462BC3C42400D1A3E0 /* SwiftUIView.swift */,
				B26860BC2BC408AB0088C643 /* TestViewController.swift */,
				B26860BE2BC409070088C643 /* BaseViewController.swift */,
			);
			path = PracticeUIkit;
			sourceTree = "<group>";
		};
		B287E2032BBD7FAB00367B99 /* Frameworks */ = {
			isa = PBXGroup;
			children = (
				B287E2042BBD7FAB00367B99 /* NetworkExtension.framework */,
				79C8B1901EBF8090511634FC /* Pods_PracticeUIkit.framework */,
				167B81C38B6284733E4E0341 /* Pods_TorVPN.framework */,
			);
			name = Frameworks;
			sourceTree = "<group>";
		};
		B2A493802BD0E8CC0026D311 /* Views */ = {
			isa = PBXGroup;
			children = (
				B2B51AB02BD7BC7A0057F639 /* NavigationView */,
				B2A493812BD0E8D50026D311 /* SystemScan.storyboard */,
				B2A493832BD0E92D0026D311 /* SystemScanViewController.swift */,
			);
			path = Views;
			sourceTree = "<group>";
		};
		B2B51AB02BD7BC7A0057F639 /* NavigationView */ = {
			isa = PBXGroup;
			children = (
				B2B51AB12BD7BC880057F639 /* TSNavigationView.xib */,
				B2B51AB32BD7BCA20057F639 /* TSNavigationView.swift */,
				B2B51AB52BD7BD3D0057F639 /* CINavigationBar.swift */,
			);
			path = NavigationView;
			sourceTree = "<group>";
		};
		B2D8602B2BEB594A0070A0B2 /* DarkLightMode */ = {
			isa = PBXGroup;
			children = (
				B2D8602C2BEB59650070A0B2 /* DarkModeViewController.swift */,
				B260C85B2BECBFEB007ECCE4 /* LayoutViewController.swift */,
			);
			path = DarkLightMode;
			sourceTree = "<group>";
		};
		B2F77E7D2BD0F7420056448D /* Extensions */ = {
			isa = PBXGroup;
			children = (
				B2F77E7E2BD0F7590056448D /* UIView+Extension.swift */,
			);
			path = Extensions;
			sourceTree = "<group>";
		};
		B2F77E802BD0F7870056448D /* Manager */ = {
			isa = PBXGroup;
			children = (
				B2F77E812BD0F7910056448D /* Vehicle.swift */,
			);
			path = Manager;
			sourceTree = "<group>";
		};
		B2F794D82BFC6AD100489365 /* ScrollView */ = {
			isa = PBXGroup;
			children = (
				B2F794D92BFC6AEF00489365 /* ScrollTestVC.swift */,
				B2858A3E2C08BE35006C2DEB /* DIctViewController.swift */,
			);
			path = ScrollView;
			sourceTree = "<group>";
		};
/* End PBXGroup section */

/* Begin PBXNativeTarget section */
		B287E1E62BBD7F5100367B99 /* PracticeUIkit */ = {
			isa = PBXNativeTarget;
			buildConfigurationList = B287E1FB2BBD7F5200367B99 /* Build configuration list for PBXNativeTarget "PracticeUIkit" */;
			buildPhases = (
				1F60D1D7BB2D1E0F2BD7C26D /* [CP] Check Pods Manifest.lock */,
				B287E1E32BBD7F5100367B99 /* Sources */,
				B287E1E42BBD7F5100367B99 /* Frameworks */,
				B287E1E52BBD7F5100367B99 /* Resources */,
				B287E2112BBD7FAB00367B99 /* Embed Foundation Extensions */,
				086E400BB90C6F566A6237BB /* [CP] Embed Pods Frameworks */,
			);
			buildRules = (
			);
			dependencies = (
			);
			name = PracticeUIkit;
			packageProductDependencies = (
			);
			productName = PracticeUIkit;
			productReference = B287E1E72BBD7F5100367B99 /* PracticeUIkit.app */;
			productType = "com.apple.product-type.application";
		};
/* End PBXNativeTarget section */

/* Begin PBXProject section */
		B287E1DF2BBD7F5100367B99 /* Project object */ = {
			isa = PBXProject;
			attributes = {
				BuildIndependentTargetsInParallel = 1;
				LastSwiftUpdateCheck = 1520;
				LastUpgradeCheck = 1520;
				TargetAttributes = {
					B287E1E62BBD7F5100367B99 = {
						CreatedOnToolsVersion = 15.2;
						LastSwiftMigration = 1520;
					};
				};
			};
			buildConfigurationList = B287E1E22BBD7F5100367B99 /* Build configuration list for PBXProject "PracticeUIkit" */;
			compatibilityVersion = "Xcode 14.0";
			developmentRegion = en;
			hasScannedForEncodings = 0;
			knownRegions = (
				en,
				Base,
			);
			mainGroup = B287E1DE2BBD7F5100367B99;
			packageReferences = (
			);
			productRefGroup = B287E1E82BBD7F5100367B99 /* Products */;
			projectDirPath = "";
			projectRoot = "";
			targets = (
				B287E1E62BBD7F5100367B99 /* PracticeUIkit */,
			);
		};
/* End PBXProject section */

/* Begin PBXResourcesBuildPhase section */
		B287E1E52BBD7F5100367B99 /* Resources */ = {
			isa = PBXResourcesBuildPhase;
			buildActionMask = 2147483647;
			files = (
				B287E1F72BBD7F5200367B99 /* LaunchScreen.storyboard in Resources */,
				B260C8642C2D52E200C464A1 /* GoogleService-Info.plist in Resources */,
				B260C8692C2D54C300C464A1 /* client_839814360640-8b9v141upf8ndhh6o2um38ojc24caoq4.apps.googleusercontent.com.plist in Resources */,
				B287E1F42BBD7F5200367B99 /* Assets.xcassets in Resources */,
				B2A493822BD0E8D50026D311 /* SystemScan.storyboard in Resources */,
				B287E1F22BBD7F5100367B99 /* Main.storyboard in Resources */,
				B2B51AB22BD7BC880057F639 /* TSNavigationView.xib in Resources */,
			);
			runOnlyForDeploymentPostprocessing = 0;
		};
/* End PBXResourcesBuildPhase section */

/* Begin PBXShellScriptBuildPhase section */
		086E400BB90C6F566A6237BB /* [CP] Embed Pods Frameworks */ = {
			isa = PBXShellScriptBuildPhase;
			buildActionMask = 2147483647;
			files = (
			);
			inputFileListPaths = (
				"${PODS_ROOT}/Target Support Files/Pods-PracticeUIkit/Pods-PracticeUIkit-frameworks-${CONFIGURATION}-input-files.xcfilelist",
			);
			name = "[CP] Embed Pods Frameworks";
			outputFileListPaths = (
				"${PODS_ROOT}/Target Support Files/Pods-PracticeUIkit/Pods-PracticeUIkit-frameworks-${CONFIGURATION}-output-files.xcfilelist",
			);
			runOnlyForDeploymentPostprocessing = 0;
			shellPath = /bin/sh;
			shellScript = "\"${PODS_ROOT}/Target Support Files/Pods-PracticeUIkit/Pods-PracticeUIkit-frameworks.sh\"\n";
			showEnvVarsInLog = 0;
		};
		1F60D1D7BB2D1E0F2BD7C26D /* [CP] Check Pods Manifest.lock */ = {
			isa = PBXShellScriptBuildPhase;
			buildActionMask = 2147483647;
			files = (
			);
			inputFileListPaths = (
			);
			inputPaths = (
				"${PODS_PODFILE_DIR_PATH}/Podfile.lock",
				"${PODS_ROOT}/Manifest.lock",
			);
			name = "[CP] Check Pods Manifest.lock";
			outputFileListPaths = (
			);
			outputPaths = (
				"$(DERIVED_FILE_DIR)/Pods-PracticeUIkit-checkManifestLockResult.txt",
			);
			runOnlyForDeploymentPostprocessing = 0;
			shellPath = /bin/sh;
			shellScript = "diff \"${PODS_PODFILE_DIR_PATH}/Podfile.lock\" \"${PODS_ROOT}/Manifest.lock\" > /dev/null\nif [ $? != 0 ] ; then\n    # print error to STDERR\n    echo \"error: The sandbox is not in sync with the Podfile.lock. Run 'pod install' or update your CocoaPods installation.\" >&2\n    exit 1\nfi\n# This output is used by Xcode 'outputs' to avoid re-running this script phase.\necho \"SUCCESS\" > \"${SCRIPT_OUTPUT_FILE_0}\"\n";
			showEnvVarsInLog = 0;
		};
/* End PBXShellScriptBuildPhase section */

/* Begin PBXSourcesBuildPhase section */
		B287E1E32BBD7F5100367B99 /* Sources */ = {
			isa = PBXSourcesBuildPhase;
			buildActionMask = 2147483647;
			files = (
				B25701792BFB807C00B8CB8B /* SwitchesViewController.swift in Sources */,
				B2CBADC42BEA67C1008C41E1 /* CouchBaseViewController.swift in Sources */,
				B26860BD2BC408AB0088C643 /* TestViewController.swift in Sources */,
				B2B51AB62BD7BD3D0057F639 /* CINavigationBar.swift in Sources */,
				B25338472BF4719B00F5E8BB /* CoreDataViewController.swift in Sources */,
				B2F77E7F2BD0F7590056448D /* UIView+Extension.swift in Sources */,
				B287E1EF2BBD7F5100367B99 /* ViewController.swift in Sources */,
				B260C8612C2D4B1300C464A1 /* SocialLoginViewController.swift in Sources */,
				B26860BF2BC409070088C643 /* BaseViewController.swift in Sources */,
				B26237A22C104D3C0020E665 /*  YSSegmentedControl.swift in Sources */,
				B2556EA62BDB9238005C24CE /* ChildSwiftUIVC.swift in Sources */,
				B260C8672C2D547A00C464A1 /* Constant.swift in Sources */,
				B2F77E822BD0F7910056448D /* Vehicle.swift in Sources */,
				B253384A2BF471E400F5E8BB /* Model.xcdatamodeld in Sources */,
				B219DE7F2BF614EA00BF0089 /* DirectContactVC.swift in Sources */,
				B2F794DA2BFC6AEF00489365 /* ScrollTestVC.swift in Sources */,
				B260C86C2C2D86A000C464A1 /* GoogleSignInManager.swift in Sources */,
				B287E1EB2BBD7F5100367B99 /* AppDelegate.swift in Sources */,
				B24073572BC3DBD80015CF26 /* SharedUtils.swift in Sources */,
				B219DE7D2BF5F8EE00BF0089 /* ContactSwiftVC.swift in Sources */,
				B260C85C2BECBFEB007ECCE4 /* LayoutViewController.swift in Sources */,
				B219DE782BF5EF5300BF0089 /* ContactViewController.m in Sources */,
				B2B51AB42BD7BCA20057F639 /* TSNavigationView.swift in Sources */,
				B24073512BC3D48C0015CF26 /* VpnManager.swift in Sources */,
				B24DD0492C099D96007608A2 /* OnionViewController.swift in Sources */,
				B26237A52C104DBB0020E665 /* SegmentViewController.swift in Sources */,
				B20E1C8E2BF4C0750092771E /* DiscountViewController.swift in Sources */,
				B218A3122BF6253A00311207 /* AddressBookVC.swift in Sources */,
				B2A493842BD0E92D0026D311 /* SystemScanViewController.swift in Sources */,
				B24073532BC3D4960015CF26 /* TorManager.swift in Sources */,
				B24073552BC3D5650015CF26 /* VStatusManager.swift in Sources */,
				B287E1ED2BBD7F5100367B99 /* SceneDelegate.swift in Sources */,
				B253FFB32C1837320026CDD2 /* CouchBaseImplementation.swift in Sources */,
				B2858A3F2C08BE35006C2DEB /* DIctViewController.swift in Sources */,
				B28CB9AC2BBEC9BD0043EF5D /* HelloViewController.m in Sources */,
				B2247D472BC3C42400D1A3E0 /* SwiftUIView.swift in Sources */,
				B2D8602D2BEB59650070A0B2 /* DarkModeViewController.swift in Sources */,
			);
			runOnlyForDeploymentPostprocessing = 0;
		};
/* End PBXSourcesBuildPhase section */

/* Begin PBXVariantGroup section */
		B287E1F02BBD7F5100367B99 /* Main.storyboard */ = {
			isa = PBXVariantGroup;
			children = (
				B287E1F12BBD7F5100367B99 /* Base */,
			);
			name = Main.storyboard;
			sourceTree = "<group>";
		};
		B287E1F52BBD7F5200367B99 /* LaunchScreen.storyboard */ = {
			isa = PBXVariantGroup;
			children = (
				B287E1F62BBD7F5200367B99 /* Base */,
			);
			name = LaunchScreen.storyboard;
			sourceTree = "<group>";
		};
/* End PBXVariantGroup section */

/* Begin XCBuildConfiguration section */
		B287E1F92BBD7F5200367B99 /* Debug */ = {
			isa = XCBuildConfiguration;
			buildSettings = {
				ALWAYS_SEARCH_USER_PATHS = NO;
				ASSETCATALOG_COMPILER_GENERATE_SWIFT_ASSET_SYMBOL_EXTENSIONS = YES;
				CLANG_ANALYZER_NONNULL = YES;
				CLANG_ANALYZER_NUMBER_OBJECT_CONVERSION = YES_AGGRESSIVE;
				CLANG_CXX_LANGUAGE_STANDARD = "gnu++20";
				CLANG_ENABLE_MODULES = YES;
				CLANG_ENABLE_OBJC_ARC = YES;
				CLANG_ENABLE_OBJC_WEAK = YES;
				CLANG_WARN_BLOCK_CAPTURE_AUTORELEASING = YES;
				CLANG_WARN_BOOL_CONVERSION = YES;
				CLANG_WARN_COMMA = YES;
				CLANG_WARN_CONSTANT_CONVERSION = YES;
				CLANG_WARN_DEPRECATED_OBJC_IMPLEMENTATIONS = YES;
				CLANG_WARN_DIRECT_OBJC_ISA_USAGE = YES_ERROR;
				CLANG_WARN_DOCUMENTATION_COMMENTS = YES;
				CLANG_WARN_EMPTY_BODY = YES;
				CLANG_WARN_ENUM_CONVERSION = YES;
				CLANG_WARN_INFINITE_RECURSION = YES;
				CLANG_WARN_INT_CONVERSION = YES;
				CLANG_WARN_NON_LITERAL_NULL_CONVERSION = YES;
				CLANG_WARN_OBJC_IMPLICIT_RETAIN_SELF = YES;
				CLANG_WARN_OBJC_LITERAL_CONVERSION = YES;
				CLANG_WARN_OBJC_ROOT_CLASS = YES_ERROR;
				CLANG_WARN_QUOTED_INCLUDE_IN_FRAMEWORK_HEADER = YES;
				CLANG_WARN_RANGE_LOOP_ANALYSIS = YES;
				CLANG_WARN_STRICT_PROTOTYPES = YES;
				CLANG_WARN_SUSPICIOUS_MOVE = YES;
				CLANG_WARN_UNGUARDED_AVAILABILITY = YES_AGGRESSIVE;
				CLANG_WARN_UNREACHABLE_CODE = YES;
				CLANG_WARN__DUPLICATE_METHOD_MATCH = YES;
				COPY_PHASE_STRIP = NO;
				DEBUG_INFORMATION_FORMAT = dwarf;
				ENABLE_STRICT_OBJC_MSGSEND = YES;
				ENABLE_TESTABILITY = YES;
				ENABLE_USER_SCRIPT_SANDBOXING = NO;
				GCC_C_LANGUAGE_STANDARD = gnu17;
				GCC_DYNAMIC_NO_PIC = NO;
				GCC_NO_COMMON_BLOCKS = YES;
				GCC_OPTIMIZATION_LEVEL = 0;
				GCC_PREPROCESSOR_DEFINITIONS = (
					"DEBUG=1",
					"$(inherited)",
				);
				GCC_WARN_64_TO_32_BIT_CONVERSION = YES;
				GCC_WARN_ABOUT_RETURN_TYPE = YES_ERROR;
				GCC_WARN_UNDECLARED_SELECTOR = YES;
				GCC_WARN_UNINITIALIZED_AUTOS = YES_AGGRESSIVE;
				GCC_WARN_UNUSED_FUNCTION = YES;
				GCC_WARN_UNUSED_VARIABLE = YES;
				IPHONEOS_DEPLOYMENT_TARGET = 15.0;
				LOCALIZATION_PREFERS_STRING_CATALOGS = YES;
				MTL_ENABLE_DEBUG_INFO = INCLUDE_SOURCE;
				MTL_FAST_MATH = YES;
				ONLY_ACTIVE_ARCH = YES;
				SDKROOT = iphoneos;
				SWIFT_ACTIVE_COMPILATION_CONDITIONS = "DEBUG $(inherited)";
				SWIFT_OPTIMIZATION_LEVEL = "-Onone";
			};
			name = Debug;
		};
		B287E1FA2BBD7F5200367B99 /* Release */ = {
			isa = XCBuildConfiguration;
			buildSettings = {
				ALWAYS_SEARCH_USER_PATHS = NO;
				ASSETCATALOG_COMPILER_GENERATE_SWIFT_ASSET_SYMBOL_EXTENSIONS = YES;
				CLANG_ANALYZER_NONNULL = YES;
				CLANG_ANALYZER_NUMBER_OBJECT_CONVERSION = YES_AGGRESSIVE;
				CLANG_CXX_LANGUAGE_STANDARD = "gnu++20";
				CLANG_ENABLE_MODULES = YES;
				CLANG_ENABLE_OBJC_ARC = YES;
				CLANG_ENABLE_OBJC_WEAK = YES;
				CLANG_WARN_BLOCK_CAPTURE_AUTORELEASING = YES;
				CLANG_WARN_BOOL_CONVERSION = YES;
				CLANG_WARN_COMMA = YES;
				CLANG_WARN_CONSTANT_CONVERSION = YES;
				CLANG_WARN_DEPRECATED_OBJC_IMPLEMENTATIONS = YES;
				CLANG_WARN_DIRECT_OBJC_ISA_USAGE = YES_ERROR;
				CLANG_WARN_DOCUMENTATION_COMMENTS = YES;
				CLANG_WARN_EMPTY_BODY = YES;
				CLANG_WARN_ENUM_CONVERSION = YES;
				CLANG_WARN_INFINITE_RECURSION = YES;
				CLANG_WARN_INT_CONVERSION = YES;
				CLANG_WARN_NON_LITERAL_NULL_CONVERSION = YES;
				CLANG_WARN_OBJC_IMPLICIT_RETAIN_SELF = YES;
				CLANG_WARN_OBJC_LITERAL_CONVERSION = YES;
				CLANG_WARN_OBJC_ROOT_CLASS = YES_ERROR;
				CLANG_WARN_QUOTED_INCLUDE_IN_FRAMEWORK_HEADER = YES;
				CLANG_WARN_RANGE_LOOP_ANALYSIS = YES;
				CLANG_WARN_STRICT_PROTOTYPES = YES;
				CLANG_WARN_SUSPICIOUS_MOVE = YES;
				CLANG_WARN_UNGUARDED_AVAILABILITY = YES_AGGRESSIVE;
				CLANG_WARN_UNREACHABLE_CODE = YES;
				CLANG_WARN__DUPLICATE_METHOD_MATCH = YES;
				COPY_PHASE_STRIP = NO;
				DEBUG_INFORMATION_FORMAT = "dwarf-with-dsym";
				ENABLE_NS_ASSERTIONS = NO;
				ENABLE_STRICT_OBJC_MSGSEND = YES;
				ENABLE_USER_SCRIPT_SANDBOXING = NO;
				GCC_C_LANGUAGE_STANDARD = gnu17;
				GCC_NO_COMMON_BLOCKS = YES;
				GCC_WARN_64_TO_32_BIT_CONVERSION = YES;
				GCC_WARN_ABOUT_RETURN_TYPE = YES_ERROR;
				GCC_WARN_UNDECLARED_SELECTOR = YES;
				GCC_WARN_UNINITIALIZED_AUTOS = YES_AGGRESSIVE;
				GCC_WARN_UNUSED_FUNCTION = YES;
				GCC_WARN_UNUSED_VARIABLE = YES;
				IPHONEOS_DEPLOYMENT_TARGET = 15.0;
				LOCALIZATION_PREFERS_STRING_CATALOGS = YES;
				MTL_ENABLE_DEBUG_INFO = NO;
				MTL_FAST_MATH = YES;
				SDKROOT = iphoneos;
				SWIFT_COMPILATION_MODE = wholemodule;
				VALIDATE_PRODUCT = YES;
			};
			name = Release;
		};
		B287E1FC2BBD7F5200367B99 /* Debug */ = {
			isa = XCBuildConfiguration;
			buildSettings = {
				ALWAYS_EMBED_SWIFT_STANDARD_LIBRARIES = YES;
				ASSETCATALOG_COMPILER_APPICON_NAME = AppIcon;
				ASSETCATALOG_COMPILER_GLOBAL_ACCENT_COLOR_NAME = AccentColor;
				CLANG_ENABLE_MODULES = YES;
				CODE_SIGN_ENTITLEMENTS = PracticeUIkit/PracticeUIkit.entitlements;
				CODE_SIGN_STYLE = Automatic;
				CURRENT_PROJECT_VERSION = 1;
				DEVELOPMENT_TEAM = THSU35DN8P;
				FRAMEWORK_SEARCH_PATHS = (
					"$(inherited)",
					"$(PROJECT_DIR)",
				);
				GENERATE_INFOPLIST_FILE = YES;
				INFOPLIST_FILE = PracticeUIkit/Info.plist;
				INFOPLIST_KEY_NSContactsUsageDescription = "This app requires access to your contacts to help you connect with friends and family and to provide a personalized experience.";
				INFOPLIST_KEY_UIApplicationSupportsIndirectInputEvents = YES;
				INFOPLIST_KEY_UILaunchStoryboardName = LaunchScreen;
				INFOPLIST_KEY_UIMainStoryboardFile = Main;
				INFOPLIST_KEY_UISupportedInterfaceOrientations_iPad = "UIInterfaceOrientationPortrait UIInterfaceOrientationPortraitUpsideDown UIInterfaceOrientationLandscapeLeft UIInterfaceOrientationLandscapeRight";
				INFOPLIST_KEY_UISupportedInterfaceOrientations_iPhone = "UIInterfaceOrientationPortrait UIInterfaceOrientationLandscapeLeft UIInterfaceOrientationLandscapeRight";
				LD_RUNPATH_SEARCH_PATHS = (
					"$(inherited)",
					"@executable_path/Frameworks",
				);
				MARKETING_VERSION = 1.0;
				PRODUCT_BUNDLE_IDENTIFIER = com.practice.etc;
				PRODUCT_NAME = "$(TARGET_NAME)";
				SWIFT_EMIT_LOC_STRINGS = YES;
				SWIFT_OBJC_BRIDGING_HEADER = "PracticeUIkit/PracticeUIkit-Bridging-Header.h";
				SWIFT_OPTIMIZATION_LEVEL = "-Onone";
				SWIFT_VERSION = 5.0;
				TARGETED_DEVICE_FAMILY = "1,2";
			};
			name = Debug;
		};
		B287E1FD2BBD7F5200367B99 /* Release */ = {
			isa = XCBuildConfiguration;
			buildSettings = {
				ALWAYS_EMBED_SWIFT_STANDARD_LIBRARIES = YES;
				ASSETCATALOG_COMPILER_APPICON_NAME = AppIcon;
				ASSETCATALOG_COMPILER_GLOBAL_ACCENT_COLOR_NAME = AccentColor;
				CLANG_ENABLE_MODULES = YES;
				CODE_SIGN_ENTITLEMENTS = PracticeUIkit/PracticeUIkit.entitlements;
				CODE_SIGN_STYLE = Automatic;
				CURRENT_PROJECT_VERSION = 1;
				DEVELOPMENT_TEAM = THSU35DN8P;
				FRAMEWORK_SEARCH_PATHS = (
					"$(inherited)",
					"$(PROJECT_DIR)",
				);
				GENERATE_INFOPLIST_FILE = YES;
				INFOPLIST_FILE = PracticeUIkit/Info.plist;
				INFOPLIST_KEY_NSContactsUsageDescription = "This app requires access to your contacts to help you connect with friends and family and to provide a personalized experience.";
				INFOPLIST_KEY_UIApplicationSupportsIndirectInputEvents = YES;
				INFOPLIST_KEY_UILaunchStoryboardName = LaunchScreen;
				INFOPLIST_KEY_UIMainStoryboardFile = Main;
				INFOPLIST_KEY_UISupportedInterfaceOrientations_iPad = "UIInterfaceOrientationPortrait UIInterfaceOrientationPortraitUpsideDown UIInterfaceOrientationLandscapeLeft UIInterfaceOrientationLandscapeRight";
				INFOPLIST_KEY_UISupportedInterfaceOrientations_iPhone = "UIInterfaceOrientationPortrait UIInterfaceOrientationLandscapeLeft UIInterfaceOrientationLandscapeRight";
				LD_RUNPATH_SEARCH_PATHS = (
					"$(inherited)",
					"@executable_path/Frameworks",
				);
				MARKETING_VERSION = 1.0;
				PRODUCT_BUNDLE_IDENTIFIER = com.practice.etc;
				PRODUCT_NAME = "$(TARGET_NAME)";
				SWIFT_EMIT_LOC_STRINGS = YES;
				SWIFT_OBJC_BRIDGING_HEADER = "PracticeUIkit/PracticeUIkit-Bridging-Header.h";
				SWIFT_VERSION = 5.0;
				TARGETED_DEVICE_FAMILY = "1,2";
			};
			name = Release;
		};
/* End XCBuildConfiguration section */

/* Begin XCConfigurationList section */
		B287E1E22BBD7F5100367B99 /* Build configuration list for PBXProject "PracticeUIkit" */ = {
			isa = XCConfigurationList;
			buildConfigurations = (
				B287E1F92BBD7F5200367B99 /* Debug */,
				B287E1FA2BBD7F5200367B99 /* Release */,
			);
			defaultConfigurationIsVisible = 0;
			defaultConfigurationName = Release;
		};
		B287E1FB2BBD7F5200367B99 /* Build configuration list for PBXNativeTarget "PracticeUIkit" */ = {
			isa = XCConfigurationList;
			buildConfigurations = (
				B287E1FC2BBD7F5200367B99 /* Debug */,
				B287E1FD2BBD7F5200367B99 /* Release */,
			);
			defaultConfigurationIsVisible = 0;
			defaultConfigurationName = Release;
		};
/* End XCConfigurationList section */

/* Begin XCVersionGroup section */
		B25338482BF471E400F5E8BB /* Model.xcdatamodeld */ = {
			isa = XCVersionGroup;
			children = (
				B25338492BF471E400F5E8BB /* Model.xcdatamodel */,
			);
			currentVersion = B25338492BF471E400F5E8BB /* Model.xcdatamodel */;
			path = Model.xcdatamodeld;
			sourceTree = "<group>";
			versionGroupType = wrapper.xcdatamodel;
		};
/* End XCVersionGroup section */
	};
	rootObject = B287E1DF2BBD7F5100367B99 /* Project object */;
}
